
Microsoft Visual Studio Solution File, Format Version 12.00
# Visual Studio Version 16
VisualStudioVersion = 16.0.29102.190
MinimumVisualStudioVersion = 10.0.40219.1
Project("{FAE04EC0-301F-11D3-BF4B-00C04F79EFBC}") = "Nmoor", "Nmoor\Nmoor.csproj", "{1D61E66E-6C7D-43AC-A786-5572C6B3B0D1}"
EndProject
Project("{FAE04EC0-301F-11D3-BF4B-00C04F79EFBC}") = "NmoorService", "NmoorService\NmoorService.csproj", "{0F677661-B8F4-4155-981E-D2FD2142ACC0}"
EndProject
Global
	GlobalSection(SolutionConfigurationPlatforms) = preSolution
		Debug|Any CPU = Debug|Any CPU
		Release|Any CPU = Release|Any CPU
	EndGlobalSection
	GlobalSection(ProjectConfigurationPlatforms) = postSolution
		{1D61E66E-6C7D-43AC-A786-5572C6B3B0D1}.Debug|Any CPU.ActiveCfg = Debug|Any CPU
		{1D61E66E-6C7D-43AC-A786-5572C6B3B0D1}.Debug|Any CPU.Build.0 = Debug|Any CPU
		{1D61E66E-6C7D-43AC-A786-5572C6B3B0D1}.Release|Any CPU.ActiveCfg = Release|Any CPU
		{1D61E66E-6C7D-43AC-A786-5572C6B3B0D1}.Release|Any CPU.Build.0 = Release|Any CPU
		{0F677661-B8F4-4155-981E-D2FD2142ACC0}.Debug|Any CPU.ActiveCfg = Debug|Any CPU
		{0F677661-B8F4-4155-981E-D2FD2142ACC0}.Debug|Any CPU.Build.0 = Debug|Any CPU
		{0F677661-B8F4-4155-981E-D2FD2142ACC0}.Release|Any CPU.ActiveCfg = Release|Any CPU
		{0F677661-B8F4-4155-981E-D2FD2142ACC0}.Release|Any CPU.Build.0 = Release|Any CPU
	EndGlobalSection
	GlobalSection(SolutionProperties) = preSolution
		HideSolutionNode = FALSE
	EndGlobalSection
	GlobalSection(ExtensibilityGlobals) = postSolution
		SolutionGuid = {42B44F50-CDD7-4142-BD12-2539CCF83C7E}
	EndGlobalSection
EndGlobal
